
Microsoft Visual Studio Solution File, Format Version 12.00
# Visual Studio 15
VisualStudioVersion = 15.0.27428.2043
MinimumVisualStudioVersion = 10.0.40219.1
Project("{FAE04EC0-301F-11D3-BF4B-00C04F79EFBC}") = "CSGO.GameStateIntegeration", "CSGO.GameIntegeration\CSGO.GameStateIntegeration.csproj", "{D839D0AF-8E73-48AA-B5C6-337F9F3A7D7C}"
EndProject
Project("{FAE04EC0-301F-11D3-BF4B-00C04F79EFBC}") = "CSGO.GameStateIntegration.Sample", "CSGO.GameStateIntegration.Sample\CSGO.GameStateIntegration.Sample.csproj", "{64EB5A37-D6D2-4FA5-977B-BB3CACDD8D93}"
EndProject
Global
	GlobalSection(SolutionConfigurationPlatforms) = preSolution
		Debug|Any CPU = Debug|Any CPU
		Release|Any CPU = Release|Any CPU
	EndGlobalSection
	GlobalSection(ProjectConfigurationPlatforms) = postSolution
		{D839D0AF-8E73-48AA-B5C6-337F9F3A7D7C}.Debug|Any CPU.ActiveCfg = Debug|Any CPU
		{D839D0AF-8E73-48AA-B5C6-337F9F3A7D7C}.Debug|Any CPU.Build.0 = Debug|Any CPU
		{D839D0AF-8E73-48AA-B5C6-337F9F3A7D7C}.Release|Any CPU.ActiveCfg = Release|Any CPU
		{D839D0AF-8E73-48AA-B5C6-337F9F3A7D7C}.Release|Any CPU.Build.0 = Release|Any CPU
		{64EB5A37-D6D2-4FA5-977B-BB3CACDD8D93}.Debug|Any CPU.ActiveCfg = Debug|Any CPU
		{64EB5A37-D6D2-4FA5-977B-BB3CACDD8D93}.Debug|Any CPU.Build.0 = Debug|Any CPU
		{64EB5A37-D6D2-4FA5-977B-BB3CACDD8D93}.Release|Any CPU.ActiveCfg = Release|Any CPU
		{64EB5A37-D6D2-4FA5-977B-BB3CACDD8D93}.Release|Any CPU.Build.0 = Release|Any CPU
	EndGlobalSection
	GlobalSection(SolutionProperties) = preSolution
		HideSolutionNode = FALSE
	EndGlobalSection
	GlobalSection(ExtensibilityGlobals) = postSolution
		SolutionGuid = {115D84AF-BBA9-402D-9F95-C1C42EB933BB}
	EndGlobalSection
EndGlobal
